
Microsoft Visual Studio Solution File, Format Version 12.00
# Visual Studio Version 17
VisualStudioVersion = 17.14.36511.14 d17.14
MinimumVisualStudioVersion = 10.0.40219.1
Project("{FAE04EC0-301F-11D3-BF4B-00C04F79EFBC}") = "Class_10", "Class_10\Class_10.csproj", "{325FE22A-05C3-4050-B8FE-70126C94A6DC}"
EndProject
Global
	GlobalSection(SolutionConfigurationPlatforms) = preSolution
		Debug|Any CPU = Debug|Any CPU
		Release|Any CPU = Release|Any CPU
	EndGlobalSection
	GlobalSection(ProjectConfigurationPlatforms) = postSolution
		{325FE22A-05C3-4050-B8FE-70126C94A6DC}.Debug|Any CPU.ActiveCfg = Debug|Any CPU
		{325FE22A-05C3-4050-B8FE-70126C94A6DC}.Debug|Any CPU.Build.0 = Debug|Any CPU
		{325FE22A-05C3-4050-B8FE-70126C94A6DC}.Release|Any CPU.ActiveCfg = Release|Any CPU
		{325FE22A-05C3-4050-B8FE-70126C94A6DC}.Release|Any CPU.Build.0 = Release|Any CPU
	EndGlobalSection
	GlobalSection(SolutionProperties) = preSolution
		HideSolutionNode = FALSE
	EndGlobalSection
	GlobalSection(ExtensibilityGlobals) = postSolution
		SolutionGuid = {37A7D75D-5C10-4CCB-8D02-1A3E5CDD3EC5}
	EndGlobalSection
EndGlobal
